{
  "name": "client",
  "version": "1.0.0",
  "lockfileVersion": 1,
  "requires": true,
  "dependencies": {
    "sweetalert2": {
      "version": "10.15.5",
      "resolved": "https://registry.npmjs.org/sweetalert2/-/sweetalert2-10.15.5.tgz",
      "integrity": "sha512-zHZqVpsEyfBVy/O25D7RMYyh+/h0jbmHXGK9DWEDnkPvsl4JlMueJRSEidAFS+mtYDLI8fFkGKltgHRvDPRV1g=="
    }
  }
}
